
Microsoft Visual Studio Solution File, Format Version 12.00
# Visual Studio Version 17
VisualStudioVersion = 17.9.34728.123
MinimumVisualStudioVersion = 10.0.40219.1
Project("{9A19103F-16F7-4668-BE54-9A1E7A4F7556}") = "CanditateManagementAPI", "WebApplication1\CanditateManagementAPI.csproj", "{642A1BD8-3AA1-4F9E-9B7D-53F34DC5392F}"
EndProject
Project("{9A19103F-16F7-4668-BE54-9A1E7A4F7556}") = "CandidateManagementApiTest", "CandidateManagementApiTest\CandidateManagementApiTest.csproj", "{F39E1551-8093-4F5C-96DD-6B211134C91C}"
EndProject
Project("{2150E333-8FDC-42A3-9474-1A3956D46DE8}") = "Solution Items", "Solution Items", "{7E88DD52-3C47-4588-91EB-66E92F085DD8}"
	ProjectSection(SolutionItems) = preProject
		README.md = README.md
	EndProjectSection
EndProject
Global
	GlobalSection(SolutionConfigurationPlatforms) = preSolution
		Debug|Any CPU = Debug|Any CPU
		Release|Any CPU = Release|Any CPU
	EndGlobalSection
	GlobalSection(ProjectConfigurationPlatforms) = postSolution
		{642A1BD8-3AA1-4F9E-9B7D-53F34DC5392F}.Debug|Any CPU.ActiveCfg = Debug|Any CPU
		{642A1BD8-3AA1-4F9E-9B7D-53F34DC5392F}.Debug|Any CPU.Build.0 = Debug|Any CPU
		{642A1BD8-3AA1-4F9E-9B7D-53F34DC5392F}.Release|Any CPU.ActiveCfg = Release|Any CPU
		{642A1BD8-3AA1-4F9E-9B7D-53F34DC5392F}.Release|Any CPU.Build.0 = Release|Any CPU
		{F39E1551-8093-4F5C-96DD-6B211134C91C}.Debug|Any CPU.ActiveCfg = Debug|Any CPU
		{F39E1551-8093-4F5C-96DD-6B211134C91C}.Debug|Any CPU.Build.0 = Debug|Any CPU
		{F39E1551-8093-4F5C-96DD-6B211134C91C}.Release|Any CPU.ActiveCfg = Release|Any CPU
		{F39E1551-8093-4F5C-96DD-6B211134C91C}.Release|Any CPU.Build.0 = Release|Any CPU
	EndGlobalSection
	GlobalSection(SolutionProperties) = preSolution
		HideSolutionNode = FALSE
	EndGlobalSection
	GlobalSection(ExtensibilityGlobals) = postSolution
		SolutionGuid = {AB378E4F-3CA9-4CE1-8C2A-16CE575B07B5}
	EndGlobalSection
EndGlobal
